
Microsoft Visual Studio Solution File, Format Version 12.00
# Visual Studio Version 17
VisualStudioVersion = 17.0.31903.59
MinimumVisualStudioVersion = 10.0.40219.1
Project("{FAE04EC0-301F-11D3-BF4B-00C04F79EFBC}") = "Orama", "Orama\Orama.csproj", "{06E0B50B-62C2-4DC0-AD7D-DEDE2A2EF290}"
EndProject
Project("{2150E333-8FDC-42A3-9474-1A3956D46DE8}") = "Launchers", "Launchers", "{02EA681E-C7D8-13C7-8484-4AC65E1B71E8}"
EndProject
Project("{FAE04EC0-301F-11D3-BF4B-00C04F79EFBC}") = "Orama.Desktop", "Launchers\Orama.Desktop\Orama.Desktop.csproj", "{AC34BEBA-24E1-08C3-9FC3-7B8AFEADA16B}"
EndProject
Project("{FAE04EC0-301F-11D3-BF4B-00C04F79EFBC}") = "Orama.Serialization", "Orama.Serialization\Orama.Serialization.csproj", "{789676EF-286F-415C-BCC2-1628356D9987}"
EndProject
Global
	GlobalSection(SolutionConfigurationPlatforms) = preSolution
		Debug|Any CPU = Debug|Any CPU
		Debug|x64 = Debug|x64
		Debug|x86 = Debug|x86
		Release|Any CPU = Release|Any CPU
		Release|x64 = Release|x64
		Release|x86 = Release|x86
	EndGlobalSection
	GlobalSection(ProjectConfigurationPlatforms) = postSolution
		{06E0B50B-62C2-4DC0-AD7D-DEDE2A2EF290}.Debug|Any CPU.ActiveCfg = Debug|Any CPU
		{06E0B50B-62C2-4DC0-AD7D-DEDE2A2EF290}.Debug|Any CPU.Build.0 = Debug|Any CPU
		{06E0B50B-62C2-4DC0-AD7D-DEDE2A2EF290}.Debug|x64.ActiveCfg = Debug|Any CPU
		{06E0B50B-62C2-4DC0-AD7D-DEDE2A2EF290}.Debug|x64.Build.0 = Debug|Any CPU
		{06E0B50B-62C2-4DC0-AD7D-DEDE2A2EF290}.Debug|x86.ActiveCfg = Debug|Any CPU
		{06E0B50B-62C2-4DC0-AD7D-DEDE2A2EF290}.Debug|x86.Build.0 = Debug|Any CPU
		{06E0B50B-62C2-4DC0-AD7D-DEDE2A2EF290}.Release|Any CPU.ActiveCfg = Release|Any CPU
		{06E0B50B-62C2-4DC0-AD7D-DEDE2A2EF290}.Release|Any CPU.Build.0 = Release|Any CPU
		{06E0B50B-62C2-4DC0-AD7D-DEDE2A2EF290}.Release|x64.ActiveCfg = Release|Any CPU
		{06E0B50B-62C2-4DC0-AD7D-DEDE2A2EF290}.Release|x64.Build.0 = Release|Any CPU
		{06E0B50B-62C2-4DC0-AD7D-DEDE2A2EF290}.Release|x86.ActiveCfg = Release|Any CPU
		{06E0B50B-62C2-4DC0-AD7D-DEDE2A2EF290}.Release|x86.Build.0 = Release|Any CPU
		{AC34BEBA-24E1-08C3-9FC3-7B8AFEADA16B}.Debug|Any CPU.ActiveCfg = Debug|Any CPU
		{AC34BEBA-24E1-08C3-9FC3-7B8AFEADA16B}.Debug|Any CPU.Build.0 = Debug|Any CPU
		{AC34BEBA-24E1-08C3-9FC3-7B8AFEADA16B}.Debug|x64.ActiveCfg = Debug|Any CPU
		{AC34BEBA-24E1-08C3-9FC3-7B8AFEADA16B}.Debug|x64.Build.0 = Debug|Any CPU
		{AC34BEBA-24E1-08C3-9FC3-7B8AFEADA16B}.Debug|x86.ActiveCfg = Debug|Any CPU
		{AC34BEBA-24E1-08C3-9FC3-7B8AFEADA16B}.Debug|x86.Build.0 = Debug|Any CPU
		{AC34BEBA-24E1-08C3-9FC3-7B8AFEADA16B}.Release|Any CPU.ActiveCfg = Release|Any CPU
		{AC34BEBA-24E1-08C3-9FC3-7B8AFEADA16B}.Release|Any CPU.Build.0 = Release|Any CPU
		{AC34BEBA-24E1-08C3-9FC3-7B8AFEADA16B}.Release|x64.ActiveCfg = Release|Any CPU
		{AC34BEBA-24E1-08C3-9FC3-7B8AFEADA16B}.Release|x64.Build.0 = Release|Any CPU
		{AC34BEBA-24E1-08C3-9FC3-7B8AFEADA16B}.Release|x86.ActiveCfg = Release|Any CPU
		{AC34BEBA-24E1-08C3-9FC3-7B8AFEADA16B}.Release|x86.Build.0 = Release|Any CPU
		{789676EF-286F-415C-BCC2-1628356D9987}.Debug|Any CPU.ActiveCfg = Debug|Any CPU
		{789676EF-286F-415C-BCC2-1628356D9987}.Debug|Any CPU.Build.0 = Debug|Any CPU
		{789676EF-286F-415C-BCC2-1628356D9987}.Debug|x64.ActiveCfg = Debug|Any CPU
		{789676EF-286F-415C-BCC2-1628356D9987}.Debug|x64.Build.0 = Debug|Any CPU
		{789676EF-286F-415C-BCC2-1628356D9987}.Debug|x86.ActiveCfg = Debug|Any CPU
		{789676EF-286F-415C-BCC2-1628356D9987}.Debug|x86.Build.0 = Debug|Any CPU
		{789676EF-286F-415C-BCC2-1628356D9987}.Release|Any CPU.ActiveCfg = Release|Any CPU
		{789676EF-286F-415C-BCC2-1628356D9987}.Release|Any CPU.Build.0 = Release|Any CPU
		{789676EF-286F-415C-BCC2-1628356D9987}.Release|x64.ActiveCfg = Release|Any CPU
		{789676EF-286F-415C-BCC2-1628356D9987}.Release|x64.Build.0 = Release|Any CPU
		{789676EF-286F-415C-BCC2-1628356D9987}.Release|x86.ActiveCfg = Release|Any CPU
		{789676EF-286F-415C-BCC2-1628356D9987}.Release|x86.Build.0 = Release|Any CPU
	EndGlobalSection
	GlobalSection(SolutionProperties) = preSolution
		HideSolutionNode = FALSE
	EndGlobalSection
	GlobalSection(NestedProjects) = preSolution
		{AC34BEBA-24E1-08C3-9FC3-7B8AFEADA16B} = {02EA681E-C7D8-13C7-8484-4AC65E1B71E8}
	EndGlobalSection
	GlobalSection(ExtensibilityGlobals) = postSolution
		SolutionGuid = {0B2AA048-4586-451E-B5E3-E71337BBC0C2}
	EndGlobalSection
EndGlobal
