
Microsoft Visual Studio Solution File, Format Version 12.00
# Visual Studio Version 17
VisualStudioVersion = 17.14.36518.9 d17.14
MinimumVisualStudioVersion = 10.0.40219.1
Project("{FAE04EC0-301F-11D3-BF4B-00C04F79EFBC}") = "Orama.Core", "Orama.Core\Orama.Core.csproj", "{DF58B104-E7F0-4CCE-BEB4-0296293F0CDA}"
EndProject
Project("{2150E333-8FDC-42A3-9474-1A3956D46DE8}") = "Players", "Players", "{02EA681E-C7D8-13C7-8484-4AC65E1B71E8}"
EndProject
Project("{FAE04EC0-301F-11D3-BF4B-00C04F79EFBC}") = "Orama.Desktop", "Players\Orama.Desktop\Orama.Desktop.csproj", "{D9202E06-5A35-42FF-B005-BD52D9363F83}"
EndProject
Global
	GlobalSection(SolutionConfigurationPlatforms) = preSolution
		Debug|Any CPU = Debug|Any CPU
		Release|Any CPU = Release|Any CPU
	EndGlobalSection
	GlobalSection(ProjectConfigurationPlatforms) = postSolution
		{DF58B104-E7F0-4CCE-BEB4-0296293F0CDA}.Debug|Any CPU.ActiveCfg = Debug|Any CPU
		{DF58B104-E7F0-4CCE-BEB4-0296293F0CDA}.Debug|Any CPU.Build.0 = Debug|Any CPU
		{DF58B104-E7F0-4CCE-BEB4-0296293F0CDA}.Release|Any CPU.ActiveCfg = Release|Any CPU
		{DF58B104-E7F0-4CCE-BEB4-0296293F0CDA}.Release|Any CPU.Build.0 = Release|Any CPU
		{D9202E06-5A35-42FF-B005-BD52D9363F83}.Debug|Any CPU.ActiveCfg = Debug|Any CPU
		{D9202E06-5A35-42FF-B005-BD52D9363F83}.Debug|Any CPU.Build.0 = Debug|Any CPU
		{D9202E06-5A35-42FF-B005-BD52D9363F83}.Release|Any CPU.ActiveCfg = Release|Any CPU
		{D9202E06-5A35-42FF-B005-BD52D9363F83}.Release|Any CPU.Build.0 = Release|Any CPU
	EndGlobalSection
	GlobalSection(SolutionProperties) = preSolution
		HideSolutionNode = FALSE
	EndGlobalSection
	GlobalSection(NestedProjects) = preSolution
		{D9202E06-5A35-42FF-B005-BD52D9363F83} = {02EA681E-C7D8-13C7-8484-4AC65E1B71E8}
	EndGlobalSection
	GlobalSection(ExtensibilityGlobals) = postSolution
		SolutionGuid = {E79CEB70-7EFC-4178-88BA-524C039C0197}
	EndGlobalSection
EndGlobal
