
Microsoft Visual Studio Solution File, Format Version 12.00
# Visual Studio Version 18
VisualStudioVersion = 18.0.11123.170
MinimumVisualStudioVersion = 10.0.40219.1
Project("{FAE04EC0-301F-11D3-BF4B-00C04F79EFBC}") = "Orama.Core", "Orama.Core\Orama.Core.csproj", "{DF58B104-E7F0-4CCE-BEB4-0296293F0CDA}"
EndProject
Project("{2150E333-8FDC-42A3-9474-1A3956D46DE8}") = "Players", "Players", "{02EA681E-C7D8-13C7-8484-4AC65E1B71E8}"
EndProject
Project("{FAE04EC0-301F-11D3-BF4B-00C04F79EFBC}") = "Orama.Desktop", "Players\Orama.Desktop\Orama.Desktop.csproj", "{D9202E06-5A35-42FF-B005-BD52D9363F83}"
EndProject
Project("{FAE04EC0-301F-11D3-BF4B-00C04F79EFBC}") = "Orama.Rendering", "Orama.Rendering\Orama.Rendering.csproj", "{35D62D7D-7AD6-4312-A76C-B5ACC3900723}"
EndProject
Project("{FAE04EC0-301F-11D3-BF4B-00C04F79EFBC}") = "Orama.Math", "Orama.Math\Orama.Math.csproj", "{2C553164-0368-4E0E-A5AF-B60ACF30D5F0}"
EndProject
Project("{FAE04EC0-301F-11D3-BF4B-00C04F79EFBC}") = "Orama.Serialization", "Orama.Serialization\Orama.Serialization.csproj", "{0E59A3C4-D514-4F85-8D1A-72D338B64336}"
EndProject
Project("{FAE04EC0-301F-11D3-BF4B-00C04F79EFBC}") = "Orama.Modules", "Orama.Modules\Orama.Modules.csproj", "{122322BF-5D5B-45FE-9C1D-5478E0E2971E}"
EndProject
Global
	GlobalSection(SolutionConfigurationPlatforms) = preSolution
		Debug|Any CPU = Debug|Any CPU
		Release|Any CPU = Release|Any CPU
	EndGlobalSection
	GlobalSection(ProjectConfigurationPlatforms) = postSolution
		{DF58B104-E7F0-4CCE-BEB4-0296293F0CDA}.Debug|Any CPU.ActiveCfg = Debug|Any CPU
		{DF58B104-E7F0-4CCE-BEB4-0296293F0CDA}.Debug|Any CPU.Build.0 = Debug|Any CPU
		{DF58B104-E7F0-4CCE-BEB4-0296293F0CDA}.Release|Any CPU.ActiveCfg = Release|Any CPU
		{DF58B104-E7F0-4CCE-BEB4-0296293F0CDA}.Release|Any CPU.Build.0 = Release|Any CPU
		{D9202E06-5A35-42FF-B005-BD52D9363F83}.Debug|Any CPU.ActiveCfg = Debug|Any CPU
		{D9202E06-5A35-42FF-B005-BD52D9363F83}.Debug|Any CPU.Build.0 = Debug|Any CPU
		{D9202E06-5A35-42FF-B005-BD52D9363F83}.Release|Any CPU.ActiveCfg = Release|Any CPU
		{D9202E06-5A35-42FF-B005-BD52D9363F83}.Release|Any CPU.Build.0 = Release|Any CPU
		{35D62D7D-7AD6-4312-A76C-B5ACC3900723}.Debug|Any CPU.ActiveCfg = Debug|Any CPU
		{35D62D7D-7AD6-4312-A76C-B5ACC3900723}.Debug|Any CPU.Build.0 = Debug|Any CPU
		{35D62D7D-7AD6-4312-A76C-B5ACC3900723}.Release|Any CPU.ActiveCfg = Release|Any CPU
		{35D62D7D-7AD6-4312-A76C-B5ACC3900723}.Release|Any CPU.Build.0 = Release|Any CPU
		{2C553164-0368-4E0E-A5AF-B60ACF30D5F0}.Debug|Any CPU.ActiveCfg = Debug|Any CPU
		{2C553164-0368-4E0E-A5AF-B60ACF30D5F0}.Debug|Any CPU.Build.0 = Debug|Any CPU
		{2C553164-0368-4E0E-A5AF-B60ACF30D5F0}.Release|Any CPU.ActiveCfg = Release|Any CPU
		{2C553164-0368-4E0E-A5AF-B60ACF30D5F0}.Release|Any CPU.Build.0 = Release|Any CPU
		{0E59A3C4-D514-4F85-8D1A-72D338B64336}.Debug|Any CPU.ActiveCfg = Debug|Any CPU
		{0E59A3C4-D514-4F85-8D1A-72D338B64336}.Debug|Any CPU.Build.0 = Debug|Any CPU
		{0E59A3C4-D514-4F85-8D1A-72D338B64336}.Release|Any CPU.ActiveCfg = Release|Any CPU
		{0E59A3C4-D514-4F85-8D1A-72D338B64336}.Release|Any CPU.Build.0 = Release|Any CPU
		{122322BF-5D5B-45FE-9C1D-5478E0E2971E}.Debug|Any CPU.ActiveCfg = Debug|Any CPU
		{122322BF-5D5B-45FE-9C1D-5478E0E2971E}.Debug|Any CPU.Build.0 = Debug|Any CPU
		{122322BF-5D5B-45FE-9C1D-5478E0E2971E}.Release|Any CPU.ActiveCfg = Release|Any CPU
		{122322BF-5D5B-45FE-9C1D-5478E0E2971E}.Release|Any CPU.Build.0 = Release|Any CPU
	EndGlobalSection
	GlobalSection(SolutionProperties) = preSolution
		HideSolutionNode = FALSE
	EndGlobalSection
	GlobalSection(NestedProjects) = preSolution
		{D9202E06-5A35-42FF-B005-BD52D9363F83} = {02EA681E-C7D8-13C7-8484-4AC65E1B71E8}
	EndGlobalSection
	GlobalSection(ExtensibilityGlobals) = postSolution
		SolutionGuid = {E79CEB70-7EFC-4178-88BA-524C039C0197}
	EndGlobalSection
EndGlobal
