
Microsoft Visual Studio Solution File, Format Version 12.00
# Visual Studio Version 18
VisualStudioVersion = 18.0.11123.170
MinimumVisualStudioVersion = 10.0.40219.1
Project("{2150E333-8FDC-42A3-9474-1A3956D46DE8}") = "Players", "Players", "{02EA681E-C7D8-13C7-8484-4AC65E1B71E8}"
EndProject
Project("{FAE04EC0-301F-11D3-BF4B-00C04F79EFBC}") = "Orama.Players.Desktop", "Players\Orama.Players.Desktop\Orama.Players.Desktop.csproj", "{D9202E06-5A35-42FF-B005-BD52D9363F83}"
EndProject
Project("{FAE04EC0-301F-11D3-BF4B-00C04F79EFBC}") = "Orama.Math", "Orama.Math\Orama.Math.csproj", "{2C553164-0368-4E0E-A5AF-B60ACF30D5F0}"
EndProject
Project("{FAE04EC0-301F-11D3-BF4B-00C04F79EFBC}") = "Orama.Serialization", "Orama.Serialization\Orama.Serialization.csproj", "{0E59A3C4-D514-4F85-8D1A-72D338B64336}"
EndProject
Project("{2150E333-8FDC-42A3-9474-1A3956D46DE8}") = "Modules", "Modules", "{36C8767E-D111-47FF-BC51-C5C40220331B}"
EndProject
Project("{FAE04EC0-301F-11D3-BF4B-00C04F79EFBC}") = "Orama.Input", "Modules\Orama.Input\Orama.Input.csproj", "{A5E2D38F-0CFF-432B-859F-1D1937FDA38A}"
EndProject
Project("{FAE04EC0-301F-11D3-BF4B-00C04F79EFBC}") = "Orama.Common", "Orama.Common\Orama.Common.csproj", "{88C71D09-0E28-40ED-B310-FECBE3CECF37}"
EndProject
Project("{FAE04EC0-301F-11D3-BF4B-00C04F79EFBC}") = "Orama.Scenes", "Modules\Orama.Scenes\Orama.Scenes.csproj", "{E74302BE-25B2-4E3A-A0A0-9817F68C8972}"
EndProject
Project("{FAE04EC0-301F-11D3-BF4B-00C04F79EFBC}") = "Orama.Physics", "Modules\Orama.Physics\Orama.Physics.csproj", "{C0A57E12-D7B0-47AC-899B-85D076636C07}"
EndProject
Project("{FAE04EC0-301F-11D3-BF4B-00C04F79EFBC}") = "Orama.Audio", "Modules\Orama.Audio\Orama.Audio.csproj", "{09D5F491-1419-407D-AB1B-DCCA41B45AFB}"
EndProject
Project("{FAE04EC0-301F-11D3-BF4B-00C04F79EFBC}") = "Orama.Assemblies", "Modules\Orama.Assemblies\Orama.Assemblies.csproj", "{87E702D2-DD7F-497F-A1EE-C1860F283D1F}"
EndProject
Project("{FAE04EC0-301F-11D3-BF4B-00C04F79EFBC}") = "Orama.GUI", "Modules\Orama.GUI\Orama.GUI.csproj", "{5C2D351E-F5F2-4F34-8FC4-9D2F8B94AA2D}"
EndProject
Project("{FAE04EC0-301F-11D3-BF4B-00C04F79EFBC}") = "Orama.Rendering", "Modules\Orama.Rendering\Orama.Rendering.csproj", "{35D62D7D-7AD6-4312-A76C-B5ACC3900723}"
EndProject
Project("{FAE04EC0-301F-11D3-BF4B-00C04F79EFBC}") = "Orama.VirtualReality", "Modules\Orama.VirtualReality\Orama.VirtualReality.csproj", "{987D14DF-081F-465C-AB42-9EE59718030E}"
EndProject
Global
	GlobalSection(SolutionConfigurationPlatforms) = preSolution
		Debug|Any CPU = Debug|Any CPU
		Release|Any CPU = Release|Any CPU
	EndGlobalSection
	GlobalSection(ProjectConfigurationPlatforms) = postSolution
		{D9202E06-5A35-42FF-B005-BD52D9363F83}.Debug|Any CPU.ActiveCfg = Debug|Any CPU
		{D9202E06-5A35-42FF-B005-BD52D9363F83}.Debug|Any CPU.Build.0 = Debug|Any CPU
		{D9202E06-5A35-42FF-B005-BD52D9363F83}.Release|Any CPU.ActiveCfg = Release|Any CPU
		{D9202E06-5A35-42FF-B005-BD52D9363F83}.Release|Any CPU.Build.0 = Release|Any CPU
		{2C553164-0368-4E0E-A5AF-B60ACF30D5F0}.Debug|Any CPU.ActiveCfg = Debug|Any CPU
		{2C553164-0368-4E0E-A5AF-B60ACF30D5F0}.Debug|Any CPU.Build.0 = Debug|Any CPU
		{2C553164-0368-4E0E-A5AF-B60ACF30D5F0}.Release|Any CPU.ActiveCfg = Release|Any CPU
		{2C553164-0368-4E0E-A5AF-B60ACF30D5F0}.Release|Any CPU.Build.0 = Release|Any CPU
		{0E59A3C4-D514-4F85-8D1A-72D338B64336}.Debug|Any CPU.ActiveCfg = Debug|Any CPU
		{0E59A3C4-D514-4F85-8D1A-72D338B64336}.Debug|Any CPU.Build.0 = Debug|Any CPU
		{0E59A3C4-D514-4F85-8D1A-72D338B64336}.Release|Any CPU.ActiveCfg = Release|Any CPU
		{0E59A3C4-D514-4F85-8D1A-72D338B64336}.Release|Any CPU.Build.0 = Release|Any CPU
		{A5E2D38F-0CFF-432B-859F-1D1937FDA38A}.Debug|Any CPU.ActiveCfg = Debug|Any CPU
		{A5E2D38F-0CFF-432B-859F-1D1937FDA38A}.Debug|Any CPU.Build.0 = Debug|Any CPU
		{A5E2D38F-0CFF-432B-859F-1D1937FDA38A}.Release|Any CPU.ActiveCfg = Release|Any CPU
		{A5E2D38F-0CFF-432B-859F-1D1937FDA38A}.Release|Any CPU.Build.0 = Release|Any CPU
		{88C71D09-0E28-40ED-B310-FECBE3CECF37}.Debug|Any CPU.ActiveCfg = Debug|Any CPU
		{88C71D09-0E28-40ED-B310-FECBE3CECF37}.Debug|Any CPU.Build.0 = Debug|Any CPU
		{88C71D09-0E28-40ED-B310-FECBE3CECF37}.Release|Any CPU.ActiveCfg = Release|Any CPU
		{88C71D09-0E28-40ED-B310-FECBE3CECF37}.Release|Any CPU.Build.0 = Release|Any CPU
		{E74302BE-25B2-4E3A-A0A0-9817F68C8972}.Debug|Any CPU.ActiveCfg = Debug|Any CPU
		{E74302BE-25B2-4E3A-A0A0-9817F68C8972}.Debug|Any CPU.Build.0 = Debug|Any CPU
		{E74302BE-25B2-4E3A-A0A0-9817F68C8972}.Release|Any CPU.ActiveCfg = Release|Any CPU
		{E74302BE-25B2-4E3A-A0A0-9817F68C8972}.Release|Any CPU.Build.0 = Release|Any CPU
		{C0A57E12-D7B0-47AC-899B-85D076636C07}.Debug|Any CPU.ActiveCfg = Debug|Any CPU
		{C0A57E12-D7B0-47AC-899B-85D076636C07}.Debug|Any CPU.Build.0 = Debug|Any CPU
		{C0A57E12-D7B0-47AC-899B-85D076636C07}.Release|Any CPU.ActiveCfg = Release|Any CPU
		{C0A57E12-D7B0-47AC-899B-85D076636C07}.Release|Any CPU.Build.0 = Release|Any CPU
		{09D5F491-1419-407D-AB1B-DCCA41B45AFB}.Debug|Any CPU.ActiveCfg = Debug|Any CPU
		{09D5F491-1419-407D-AB1B-DCCA41B45AFB}.Debug|Any CPU.Build.0 = Debug|Any CPU
		{09D5F491-1419-407D-AB1B-DCCA41B45AFB}.Release|Any CPU.ActiveCfg = Release|Any CPU
		{09D5F491-1419-407D-AB1B-DCCA41B45AFB}.Release|Any CPU.Build.0 = Release|Any CPU
		{87E702D2-DD7F-497F-A1EE-C1860F283D1F}.Debug|Any CPU.ActiveCfg = Debug|Any CPU
		{87E702D2-DD7F-497F-A1EE-C1860F283D1F}.Debug|Any CPU.Build.0 = Debug|Any CPU
		{87E702D2-DD7F-497F-A1EE-C1860F283D1F}.Release|Any CPU.ActiveCfg = Release|Any CPU
		{87E702D2-DD7F-497F-A1EE-C1860F283D1F}.Release|Any CPU.Build.0 = Release|Any CPU
		{5C2D351E-F5F2-4F34-8FC4-9D2F8B94AA2D}.Debug|Any CPU.ActiveCfg = Debug|Any CPU
		{5C2D351E-F5F2-4F34-8FC4-9D2F8B94AA2D}.Debug|Any CPU.Build.0 = Debug|Any CPU
		{5C2D351E-F5F2-4F34-8FC4-9D2F8B94AA2D}.Release|Any CPU.ActiveCfg = Release|Any CPU
		{5C2D351E-F5F2-4F34-8FC4-9D2F8B94AA2D}.Release|Any CPU.Build.0 = Release|Any CPU
		{35D62D7D-7AD6-4312-A76C-B5ACC3900723}.Debug|Any CPU.ActiveCfg = Debug|Any CPU
		{35D62D7D-7AD6-4312-A76C-B5ACC3900723}.Debug|Any CPU.Build.0 = Debug|Any CPU
		{35D62D7D-7AD6-4312-A76C-B5ACC3900723}.Release|Any CPU.ActiveCfg = Release|Any CPU
		{35D62D7D-7AD6-4312-A76C-B5ACC3900723}.Release|Any CPU.Build.0 = Release|Any CPU
		{987D14DF-081F-465C-AB42-9EE59718030E}.Debug|Any CPU.ActiveCfg = Debug|Any CPU
		{987D14DF-081F-465C-AB42-9EE59718030E}.Debug|Any CPU.Build.0 = Debug|Any CPU
		{987D14DF-081F-465C-AB42-9EE59718030E}.Release|Any CPU.ActiveCfg = Release|Any CPU
		{987D14DF-081F-465C-AB42-9EE59718030E}.Release|Any CPU.Build.0 = Release|Any CPU
	EndGlobalSection
	GlobalSection(SolutionProperties) = preSolution
		HideSolutionNode = FALSE
	EndGlobalSection
	GlobalSection(NestedProjects) = preSolution
		{D9202E06-5A35-42FF-B005-BD52D9363F83} = {02EA681E-C7D8-13C7-8484-4AC65E1B71E8}
		{A5E2D38F-0CFF-432B-859F-1D1937FDA38A} = {36C8767E-D111-47FF-BC51-C5C40220331B}
		{E74302BE-25B2-4E3A-A0A0-9817F68C8972} = {36C8767E-D111-47FF-BC51-C5C40220331B}
		{C0A57E12-D7B0-47AC-899B-85D076636C07} = {36C8767E-D111-47FF-BC51-C5C40220331B}
		{09D5F491-1419-407D-AB1B-DCCA41B45AFB} = {36C8767E-D111-47FF-BC51-C5C40220331B}
		{87E702D2-DD7F-497F-A1EE-C1860F283D1F} = {36C8767E-D111-47FF-BC51-C5C40220331B}
		{5C2D351E-F5F2-4F34-8FC4-9D2F8B94AA2D} = {36C8767E-D111-47FF-BC51-C5C40220331B}
		{35D62D7D-7AD6-4312-A76C-B5ACC3900723} = {36C8767E-D111-47FF-BC51-C5C40220331B}
		{987D14DF-081F-465C-AB42-9EE59718030E} = {36C8767E-D111-47FF-BC51-C5C40220331B}
	EndGlobalSection
	GlobalSection(ExtensibilityGlobals) = postSolution
		SolutionGuid = {E79CEB70-7EFC-4178-88BA-524C039C0197}
	EndGlobalSection
EndGlobal
